
Microsoft Visual Studio Solution File, Format Version 12.00
# Visual Studio Version 16
VisualStudioVersion = 16.0.31729.503
MinimumVisualStudioVersion = 10.0.40219.1
Project("{FAE04EC0-301F-11D3-BF4B-00C04F79EFBC}") = "IncreaseCalculatorApi", "IncreaseCalculatorApi.csproj", "{A81D2E29-4897-4846-9A75-055ADE1F3A40}"
EndProject
Global
	GlobalSection(SolutionConfigurationPlatforms) = preSolution
		Debug|Any CPU = Debug|Any CPU
		Release|Any CPU = Release|Any CPU
	EndGlobalSection
	GlobalSection(ProjectConfigurationPlatforms) = postSolution
		{A81D2E29-4897-4846-9A75-055ADE1F3A40}.Debug|Any CPU.ActiveCfg = Debug|Any CPU
		{A81D2E29-4897-4846-9A75-055ADE1F3A40}.Debug|Any CPU.Build.0 = Debug|Any CPU
		{A81D2E29-4897-4846-9A75-055ADE1F3A40}.Release|Any CPU.ActiveCfg = Release|Any CPU
		{A81D2E29-4897-4846-9A75-055ADE1F3A40}.Release|Any CPU.Build.0 = Release|Any CPU
	EndGlobalSection
	GlobalSection(SolutionProperties) = preSolution
		HideSolutionNode = FALSE
	EndGlobalSection
	GlobalSection(ExtensibilityGlobals) = postSolution
		SolutionGuid = {620C78E1-3B73-4AA6-85B7-AFA5323AB8C4}
	EndGlobalSection
EndGlobal
